
Microsoft Visual Studio Solution File, Format Version 12.00
# Visual Studio 2013
VisualStudioVersion = 12.0.31101.0
MinimumVisualStudioVersion = 10.0.40219.1
Project("{FAE04EC0-301F-11D3-BF4B-00C04F79EFBC}") = "VehicleParkSystem", "VehicleParkSystem\VehicleParkSystem.csproj", "{91E79942-8769-461B-BA13-1AF75C8D2C16}"
EndProject
Project("{FAE04EC0-301F-11D3-BF4B-00C04F79EFBC}") = "VehicleParkTests", "VehicleParkTests\VehicleParkTests.csproj", "{A0EE8173-A511-43EC-801E-8903779EFE79}"
EndProject
Global
	GlobalSection(SolutionConfigurationPlatforms) = preSolution
		Debug|Any CPU = Debug|Any CPU
		Release|Any CPU = Release|Any CPU
	EndGlobalSection
	GlobalSection(ProjectConfigurationPlatforms) = postSolution
		{91E79942-8769-461B-BA13-1AF75C8D2C16}.Debug|Any CPU.ActiveCfg = Debug|Any CPU
		{91E79942-8769-461B-BA13-1AF75C8D2C16}.Debug|Any CPU.Build.0 = Debug|Any CPU
		{91E79942-8769-461B-BA13-1AF75C8D2C16}.Release|Any CPU.ActiveCfg = Release|Any CPU
		{91E79942-8769-461B-BA13-1AF75C8D2C16}.Release|Any CPU.Build.0 = Release|Any CPU
		{A0EE8173-A511-43EC-801E-8903779EFE79}.Debug|Any CPU.ActiveCfg = Debug|Any CPU
		{A0EE8173-A511-43EC-801E-8903779EFE79}.Debug|Any CPU.Build.0 = Debug|Any CPU
		{A0EE8173-A511-43EC-801E-8903779EFE79}.Release|Any CPU.ActiveCfg = Release|Any CPU
		{A0EE8173-A511-43EC-801E-8903779EFE79}.Release|Any CPU.Build.0 = Release|Any CPU
	EndGlobalSection
	GlobalSection(SolutionProperties) = preSolution
		HideSolutionNode = FALSE
	EndGlobalSection
EndGlobal
